
Microsoft Visual Studio Solution File, Format Version 12.00
# Visual Studio Version 17
VisualStudioVersion = 17.0.32112.339
MinimumVisualStudioVersion = 10.0.40219.1
Project("{FAE04EC0-301F-11D3-BF4B-00C04F79EFBC}") = "ZooMitova-Pet-Shop", "ZooMitova-Pet-Shop.csproj", "{C7DBA4AA-D08B-41F6-863E-63EA345E592F}"
EndProject
Global
	GlobalSection(SolutionConfigurationPlatforms) = preSolution
		Debug|Any CPU = Debug|Any CPU
		Release|Any CPU = Release|Any CPU
	EndGlobalSection
	GlobalSection(ProjectConfigurationPlatforms) = postSolution
		{C7DBA4AA-D08B-41F6-863E-63EA345E592F}.Debug|Any CPU.ActiveCfg = Debug|Any CPU
		{C7DBA4AA-D08B-41F6-863E-63EA345E592F}.Debug|Any CPU.Build.0 = Debug|Any CPU
		{C7DBA4AA-D08B-41F6-863E-63EA345E592F}.Release|Any CPU.ActiveCfg = Release|Any CPU
		{C7DBA4AA-D08B-41F6-863E-63EA345E592F}.Release|Any CPU.Build.0 = Release|Any CPU
	EndGlobalSection
	GlobalSection(SolutionProperties) = preSolution
		HideSolutionNode = FALSE
	EndGlobalSection
	GlobalSection(ExtensibilityGlobals) = postSolution
		SolutionGuid = {84524979-1C6D-4A90-A903-FA31F09C4381}
	EndGlobalSection
EndGlobal
